{
  "name": "biosodaux",
  "version": "1.0.0",
  "lockfileVersion": 3,
  "requires": true,
  "packages": {
    "": {
      "name": "biosodaux",
      "version": "1.0.0",
      "license": "SEE LICENSE IN LICENSE.txt",
      "dependencies": {
        "d3": "file:js/"
      }
    },
    "js": {},
    "node_modules/d3": {
      "resolved": "js",
      "link": true
    }
  }
}
